
Microsoft Visual Studio Solution File, Format Version 12.00
# Visual Studio Version 17
VisualStudioVersion = 17.0.32014.148
MinimumVisualStudioVersion = 10.0.40219.1
Project("{FAE04EC0-301F-11D3-BF4B-00C04F79EFBC}") = "MyAppClassTest1", "MyAppClassTest1.csproj", "{1563AEF5-DE4D-43BC-8320-F26C732CDC5B}"
EndProject
Global
	GlobalSection(SolutionConfigurationPlatforms) = preSolution
		Debug|Any CPU = Debug|Any CPU
		Release|Any CPU = Release|Any CPU
	EndGlobalSection
	GlobalSection(ProjectConfigurationPlatforms) = postSolution
		{1563AEF5-DE4D-43BC-8320-F26C732CDC5B}.Debug|Any CPU.ActiveCfg = Debug|Any CPU
		{1563AEF5-DE4D-43BC-8320-F26C732CDC5B}.Debug|Any CPU.Build.0 = Debug|Any CPU
		{1563AEF5-DE4D-43BC-8320-F26C732CDC5B}.Release|Any CPU.ActiveCfg = Release|Any CPU
		{1563AEF5-DE4D-43BC-8320-F26C732CDC5B}.Release|Any CPU.Build.0 = Release|Any CPU
	EndGlobalSection
	GlobalSection(SolutionProperties) = preSolution
		HideSolutionNode = FALSE
	EndGlobalSection
	GlobalSection(ExtensibilityGlobals) = postSolution
		SolutionGuid = {B8DE31E1-A3BE-414B-BC76-D74EF99409AC}
	EndGlobalSection
EndGlobal
